// !$*UTF8*$!
{
	archiveVersion = 1;
	classes = {
	};
	objectVersion = 46;
	objects = {

/* Begin PBXBuildFile section */
		521D3A831A857D5C00CC36AE /* AppDelegate.swift in Sources */ = {isa = PBXBuildFile; fileRef = 521D3A821A857D5C00CC36AE /* AppDelegate.swift */; };
		521D3A8A1A857D5C00CC36AE /* Images.xcassets in Resources */ = {isa = PBXBuildFile; fileRef = 521D3A891A857D5C00CC36AE /* Images.xcassets */; };
		521D3A8D1A857D5C00CC36AE /* LaunchScreen.xib in Resources */ = {isa = PBXBuildFile; fileRef = 521D3A8B1A857D5C00CC36AE /* LaunchScreen.xib */; };
		521D3A991A857D5C00CC36AE /* NerdFeedTests.swift in Sources */ = {isa = PBXBuildFile; fileRef = 521D3A981A857D5C00CC36AE /* NerdFeedTests.swift */; };
		521D3AA71A857F5B00CC36AE /* ListViewController.swift in Sources */ = {isa = PBXBuildFile; fileRef = 521D3AA61A857F5B00CC36AE /* ListViewController.swift */; };
		5267AD111A8A835800A519F0 /* RSSChannel.swift in Sources */ = {isa = PBXBuildFile; fileRef = 5267AD101A8A835800A519F0 /* RSSChannel.swift */; };
		5267AD131A8A859300A519F0 /* RSSItem.swift in Sources */ = {isa = PBXBuildFile; fileRef = 5267AD121A8A859300A519F0 /* RSSItem.swift */; };
		5267AD151A8AA18700A519F0 /* WebViewController.swift in Sources */ = {isa = PBXBuildFile; fileRef = 5267AD141A8AA18700A519F0 /* WebViewController.swift */; };
/* End PBXBuildFile section */

/* Begin PBXContainerItemProxy section */
		521D3A931A857D5C00CC36AE /* PBXContainerItemProxy */ = {
			isa = PBXContainerItemProxy;
			containerPortal = 521D3A751A857D5C00CC36AE /* Project object */;
			proxyType = 1;
			remoteGlobalIDString = 521D3A7C1A857D5C00CC36AE;
			remoteInfo = NerdFeed;
		};
/* End PBXContainerItemProxy section */

/* Begin PBXFileReference section */
		521D3A7D1A857D5C00CC36AE /* NerdFeed.app */ = {isa = PBXFileReference; explicitFileType = wrapper.application; includeInIndex = 0; path = NerdFeed.app; sourceTree = BUILT_PRODUCTS_DIR; };
		521D3A811A857D5C00CC36AE /* Info.plist */ = {isa = PBXFileReference; lastKnownFileType = text.plist.xml; path = Info.plist; sourceTree = "<group>"; };
		521D3A821A857D5C00CC36AE /* AppDelegate.swift */ = {isa = PBXFileReference; lastKnownFileType = sourcecode.swift; path = AppDelegate.swift; sourceTree = "<group>"; };
		521D3A891A857D5C00CC36AE /* Images.xcassets */ = {isa = PBXFileReference; lastKnownFileType = folder.assetcatalog; path = Images.xcassets; sourceTree = "<group>"; };
		521D3A8C1A857D5C00CC36AE /* Base */ = {isa = PBXFileReference; lastKnownFileType = file.xib; name = Base; path = Base.lproj/LaunchScreen.xib; sourceTree = "<group>"; };
		521D3A921A857D5C00CC36AE /* NerdFeedTests.xctest */ = {isa = PBXFileReference; explicitFileType = wrapper.cfbundle; includeInIndex = 0; path = NerdFeedTests.xctest; sourceTree = BUILT_PRODUCTS_DIR; };
		521D3A971A857D5C00CC36AE /* Info.plist */ = {isa = PBXFileReference; lastKnownFileType = text.plist.xml; path = Info.plist; sourceTree = "<group>"; };
		521D3A981A857D5C00CC36AE /* NerdFeedTests.swift */ = {isa = PBXFileReference; lastKnownFileType = sourcecode.swift; path = NerdFeedTests.swift; sourceTree = "<group>"; };
		521D3AA61A857F5B00CC36AE /* ListViewController.swift */ = {isa = PBXFileReference; fileEncoding = 4; lastKnownFileType = sourcecode.swift; path = ListViewController.swift; sourceTree = "<group>"; };
		5267AD101A8A835800A519F0 /* RSSChannel.swift */ = {isa = PBXFileReference; fileEncoding = 4; lastKnownFileType = sourcecode.swift; path = RSSChannel.swift; sourceTree = "<group>"; };
		5267AD121A8A859300A519F0 /* RSSItem.swift */ = {isa = PBXFileReference; fileEncoding = 4; lastKnownFileType = sourcecode.swift; path = RSSItem.swift; sourceTree = "<group>"; };
		5267AD141A8AA18700A519F0 /* WebViewController.swift */ = {isa = PBXFileReference; fileEncoding = 4; lastKnownFileType = sourcecode.swift; path = WebViewController.swift; sourceTree = "<group>"; };
/* End PBXFileReference section */

/* Begin PBXFrameworksBuildPhase section */
		521D3A7A1A857D5C00CC36AE /* Frameworks */ = {
			isa = PBXFrameworksBuildPhase;
			buildActionMask = 2147483647;
			files = (
			);
			runOnlyForDeploymentPostprocessing = 0;
		};
		521D3A8F1A857D5C00CC36AE /* Frameworks */ = {
			isa = PBXFrameworksBuildPhase;
			buildActionMask = 2147483647;
			files = (
			);
			runOnlyForDeploymentPostprocessing = 0;
		};
/* End PBXFrameworksBuildPhase section */

/* Begin PBXGroup section */
		521D3A741A857D5C00CC36AE = {
			isa = PBXGroup;
			children = (
				521D3A7F1A857D5C00CC36AE /* NerdFeed */,
				521D3A951A857D5C00CC36AE /* NerdFeedTests */,
				521D3A7E1A857D5C00CC36AE /* Products */,
			);
			sourceTree = "<group>";
		};
		521D3A7E1A857D5C00CC36AE /* Products */ = {
			isa = PBXGroup;
			children = (
				521D3A7D1A857D5C00CC36AE /* NerdFeed.app */,
				521D3A921A857D5C00CC36AE /* NerdFeedTests.xctest */,
			);
			name = Products;
			sourceTree = "<group>";
		};
		521D3A7F1A857D5C00CC36AE /* NerdFeed */ = {
			isa = PBXGroup;
			children = (
				5267AD141A8AA18700A519F0 /* WebViewController.swift */,
				521D3AA61A857F5B00CC36AE /* ListViewController.swift */,
				5267AD101A8A835800A519F0 /* RSSChannel.swift */,
				5267AD121A8A859300A519F0 /* RSSItem.swift */,
				521D3A821A857D5C00CC36AE /* AppDelegate.swift */,
				521D3A891A857D5C00CC36AE /* Images.xcassets */,
				521D3A8B1A857D5C00CC36AE /* LaunchScreen.xib */,
				521D3A801A857D5C00CC36AE /* Supporting Files */,
			);
			path = NerdFeed;
			sourceTree = "<group>";
		};
		521D3A801A857D5C00CC36AE /* Supporting Files */ = {
			isa = PBXGroup;
			children = (
				521D3A811A857D5C00CC36AE /* Info.plist */,
			);
			name = "Supporting Files";
			sourceTree = "<group>";
		};
		521D3A951A857D5C00CC36AE /* NerdFeedTests */ = {
			isa = PBXGroup;
			children = (
				521D3A981A857D5C00CC36AE /* NerdFeedTests.swift */,
				521D3A961A857D5C00CC36AE /* Supporting Files */,
			);
			path = NerdFeedTests;
			sourceTree = "<group>";
		};
		521D3A961A857D5C00CC36AE /* Supporting Files */ = {
			isa = PBXGroup;
			children = (
				521D3A971A857D5C00CC36AE /* Info.plist */,
			);
			name = "Supporting Files";
			sourceTree = "<group>";
		};
/* End PBXGroup section */

/* Begin PBXNativeTarget section */
		521D3A7C1A857D5C00CC36AE /* NerdFeed */ = {
			isa = PBXNativeTarget;
			buildConfigurationList = 521D3A9C1A857D5C00CC36AE /* Build configuration list for PBXNativeTarget "NerdFeed" */;
			buildPhases = (
				521D3A791A857D5C00CC36AE /* Sources */,
				521D3A7A1A857D5C00CC36AE /* Frameworks */,
				521D3A7B1A857D5C00CC36AE /* Resources */,
			);
			buildRules = (
			);
			dependencies = (
			);
			name = NerdFeed;
			productName = NerdFeed;
			productReference = 521D3A7D1A857D5C00CC36AE /* NerdFeed.app */;
			productType = "com.apple.product-type.application";
		};
		521D3A911A857D5C00CC36AE /* NerdFeedTests */ = {
			isa = PBXNativeTarget;
			buildConfigurationList = 521D3A9F1A857D5C00CC36AE /* Build configuration list for PBXNativeTarget "NerdFeedTests" */;
			buildPhases = (
				521D3A8E1A857D5C00CC36AE /* Sources */,
				521D3A8F1A857D5C00CC36AE /* Frameworks */,
				521D3A901A857D5C00CC36AE /* Resources */,
			);
			buildRules = (
			);
			dependencies = (
				521D3A941A857D5C00CC36AE /* PBXTargetDependency */,
			);
			name = NerdFeedTests;
			productName = NerdFeedTests;
			productReference = 521D3A921A857D5C00CC36AE /* NerdFeedTests.xctest */;
			productType = "com.apple.product-type.bundle.unit-test";
		};
/* End PBXNativeTarget section */

/* Begin PBXProject section */
		521D3A751A857D5C00CC36AE /* Project object */ = {
			isa = PBXProject;
			attributes = {
				LastUpgradeCheck = 0610;
				ORGANIZATIONNAME = WigglingScholars;
				TargetAttributes = {
					521D3A7C1A857D5C00CC36AE = {
						CreatedOnToolsVersion = 6.1.1;
					};
					521D3A911A857D5C00CC36AE = {
						CreatedOnToolsVersion = 6.1.1;
						TestTargetID = 521D3A7C1A857D5C00CC36AE;
					};
				};
			};
			buildConfigurationList = 521D3A781A857D5C00CC36AE /* Build configuration list for PBXProject "NerdFeed" */;
			compatibilityVersion = "Xcode 3.2";
			developmentRegion = English;
			hasScannedForEncodings = 0;
			knownRegions = (
				en,
				Base,
			);
			mainGroup = 521D3A741A857D5C00CC36AE;
			productRefGroup = 521D3A7E1A857D5C00CC36AE /* Products */;
			projectDirPath = "";
			projectRoot = "";
			targets = (
				521D3A7C1A857D5C00CC36AE /* NerdFeed */,
				521D3A911A857D5C00CC36AE /* NerdFeedTests */,
			);
		};
/* End PBXProject section */

/* Begin PBXResourcesBuildPhase section */
		521D3A7B1A857D5C00CC36AE /* Resources */ = {
			isa = PBXResourcesBuildPhase;
			buildActionMask = 2147483647;
			files = (
				521D3A8D1A857D5C00CC36AE /* LaunchScreen.xib in Resources */,
				521D3A8A1A857D5C00CC36AE /* Images.xcassets in Resources */,
			);
			runOnlyForDeploymentPostprocessing = 0;
		};
		521D3A901A857D5C00CC36AE /* Resources */ = {
			isa = PBXResourcesBuildPhase;
			buildActionMask = 2147483647;
			files = (
			);
			runOnlyForDeploymentPostprocessing = 0;
		};
/* End PBXResourcesBuildPhase section */

/* Begin PBXSourcesBuildPhase section */
		521D3A791A857D5C00CC36AE /* Sources */ = {
			isa = PBXSourcesBuildPhase;
			buildActionMask = 2147483647;
			files = (
				521D3A831A857D5C00CC36AE /* AppDelegate.swift in Sources */,
				5267AD111A8A835800A519F0 /* RSSChannel.swift in Sources */,
				521D3AA71A857F5B00CC36AE /* ListViewController.swift in Sources */,
				5267AD151A8AA18700A519F0 /* WebViewController.swift in Sources */,
				5267AD131A8A859300A519F0 /* RSSItem.swift in Sources */,
			);
			runOnlyForDeploymentPostprocessing = 0;
		};
		521D3A8E1A857D5C00CC36AE /* Sources */ = {
			isa = PBXSourcesBuildPhase;
			buildActionMask = 2147483647;
			files = (
				521D3A991A857D5C00CC36AE /* NerdFeedTests.swift in Sources */,
			);
			runOnlyForDeploymentPostprocessing = 0;
		};
/* End PBXSourcesBuildPhase section */

/* Begin PBXTargetDependency section */
		521D3A941A857D5C00CC36AE /* PBXTargetDependency */ = {
			isa = PBXTargetDependency;
			target = 521D3A7C1A857D5C00CC36AE /* NerdFeed */;
			targetProxy = 521D3A931A857D5C00CC36AE /* PBXContainerItemProxy */;
		};
/* End PBXTargetDependency section */

/* Begin PBXVariantGroup section */
		521D3A8B1A857D5C00CC36AE /* LaunchScreen.xib */ = {
			isa = PBXVariantGroup;
			children = (
				521D3A8C1A857D5C00CC36AE /* Base */,
			);
			name = LaunchScreen.xib;
			sourceTree = "<group>";
		};
/* End PBXVariantGroup section */

/* Begin XCBuildConfiguration section */
		521D3A9A1A857D5C00CC36AE /* Debug */ = {
			isa = XCBuildConfiguration;
			buildSettings = {
				ALWAYS_SEARCH_USER_PATHS = NO;
				CLANG_CXX_LANGUAGE_STANDARD = "gnu++0x";
				CLANG_CXX_LIBRARY = "libc++";
				CLANG_ENABLE_MODULES = YES;
				CLANG_ENABLE_OBJC_ARC = YES;
				CLANG_WARN_BOOL_CONVERSION = YES;
				CLANG_WARN_CONSTANT_CONVERSION = YES;
				CLANG_WARN_DIRECT_OBJC_ISA_USAGE = YES_ERROR;
				CLANG_WARN_EMPTY_BODY = YES;
				CLANG_WARN_ENUM_CONVERSION = YES;
				CLANG_WARN_INT_CONVERSION = YES;
				CLANG_WARN_OBJC_ROOT_CLASS = YES_ERROR;
				CLANG_WARN_UNREACHABLE_CODE = YES;
				CLANG_WARN__DUPLICATE_METHOD_MATCH = YES;
				"CODE_SIGN_IDENTITY[sdk=iphoneos*]" = "iPhone Developer";
				COPY_PHASE_STRIP = NO;
				ENABLE_STRICT_OBJC_MSGSEND = YES;
				GCC_C_LANGUAGE_STANDARD = gnu99;
				GCC_DYNAMIC_NO_PIC = NO;
				GCC_OPTIMIZATION_LEVEL = 0;
				GCC_PREPROCESSOR_DEFINITIONS = (
					"DEBUG=1",
					"$(inherited)",
				);
				GCC_SYMBOLS_PRIVATE_EXTERN = NO;
				GCC_WARN_64_TO_32_BIT_CONVERSION = YES;
				GCC_WARN_ABOUT_RETURN_TYPE = YES_ERROR;
				GCC_WARN_UNDECLARED_SELECTOR = YES;
				GCC_WARN_UNINITIALIZED_AUTOS = YES_AGGRESSIVE;
				GCC_WARN_UNUSED_FUNCTION = YES;
				GCC_WARN_UNUSED_VARIABLE = YES;
				IPHONEOS_DEPLOYMENT_TARGET = 8.1;
				MTL_ENABLE_DEBUG_INFO = YES;
				ONLY_ACTIVE_ARCH = YES;
				SDKROOT = iphoneos;
				SWIFT_OPTIMIZATION_LEVEL = "-Onone";
				TARGETED_DEVICE_FAMILY = "1,2";
			};
			name = Debug;
		};
		521D3A9B1A857D5C00CC36AE /* Release */ = {
			isa = XCBuildConfiguration;
			buildSettings = {
				ALWAYS_SEARCH_USER_PATHS = NO;
				CLANG_CXX_LANGUAGE_STANDARD = "gnu++0x";
				CLANG_CXX_LIBRARY = "libc++";
				CLANG_ENABLE_MODULES = YES;
				CLANG_ENABLE_OBJC_ARC = YES;
				CLANG_WARN_BOOL_CONVERSION = YES;
				CLANG_WARN_CONSTANT_CONVERSION = YES;
				CLANG_WARN_DIRECT_OBJC_ISA_USAGE = YES_ERROR;
				CLANG_WARN_EMPTY_BODY = YES;
				CLANG_WARN_ENUM_CONVERSION = YES;
				CLANG_WARN_INT_CONVERSION = YES;
				CLANG_WARN_OBJC_ROOT_CLASS = YES_ERROR;
				CLANG_WARN_UNREACHABLE_CODE = YES;
				CLANG_WARN__DUPLICATE_METHOD_MATCH = YES;
				"CODE_SIGN_IDENTITY[sdk=iphoneos*]" = "iPhone Developer";
				COPY_PHASE_STRIP = YES;
				ENABLE_NS_ASSERTIONS = NO;
				ENABLE_STRICT_OBJC_MSGSEND = YES;
				GCC_C_LANGUAGE_STANDARD = gnu99;
				GCC_WARN_64_TO_32_BIT_CONVERSION = YES;
				GCC_WARN_ABOUT_RETURN_TYPE = YES_ERROR;
				GCC_WARN_UNDECLARED_SELECTOR = YES;
				GCC_WARN_UNINITIALIZED_AUTOS = YES_AGGRESSIVE;
				GCC_WARN_UNUSED_FUNCTION = YES;
				GCC_WARN_UNUSED_VARIABLE = YES;
				IPHONEOS_DEPLOYMENT_TARGET = 8.1;
				MTL_ENABLE_DEBUG_INFO = NO;
				SDKROOT = iphoneos;
				TARGETED_DEVICE_FAMILY = "1,2";
				VALIDATE_PRODUCT = YES;
			};
			name = Release;
		};
		521D3A9D1A857D5C00CC36AE /* Debug */ = {
			isa = XCBuildConfiguration;
			buildSettings = {
				ASSETCATALOG_COMPILER_APPICON_NAME = AppIcon;
				INFOPLIST_FILE = NerdFeed/Info.plist;
				LD_RUNPATH_SEARCH_PATHS = "$(inherited) @executable_path/Frameworks";
				PRODUCT_NAME = "$(TARGET_NAME)";
			};
			name = Debug;
		};
		521D3A9E1A857D5C00CC36AE /* Release */ = {
			isa = XCBuildConfiguration;
			buildSettings = {
				ASSETCATALOG_COMPILER_APPICON_NAME = AppIcon;
				INFOPLIST_FILE = NerdFeed/Info.plist;
				LD_RUNPATH_SEARCH_PATHS = "$(inherited) @executable_path/Frameworks";
				PRODUCT_NAME = "$(TARGET_NAME)";
			};
			name = Release;
		};
		521D3AA01A857D5C00CC36AE /* Debug */ = {
			isa = XCBuildConfiguration;
			buildSettings = {
				BUNDLE_LOADER = "$(TEST_HOST)";
				FRAMEWORK_SEARCH_PATHS = (
					"$(SDKROOT)/Developer/Library/Frameworks",
					"$(inherited)",
				);
				GCC_PREPROCESSOR_DEFINITIONS = (
					"DEBUG=1",
					"$(inherited)",
				);
				INFOPLIST_FILE = NerdFeedTests/Info.plist;
				LD_RUNPATH_SEARCH_PATHS = "$(inherited) @executable_path/Frameworks @loader_path/Frameworks";
				PRODUCT_NAME = "$(TARGET_NAME)";
				TEST_HOST = "$(BUILT_PRODUCTS_DIR)/NerdFeed.app/NerdFeed";
			};
			name = Debug;
		};
		521D3AA11A857D5C00CC36AE /* Release */ = {
			isa = XCBuildConfiguration;
			buildSettings = {
				BUNDLE_LOADER = "$(TEST_HOST)";
				FRAMEWORK_SEARCH_PATHS = (
					"$(SDKROOT)/Developer/Library/Frameworks",
					"$(inherited)",
				);
				INFOPLIST_FILE = NerdFeedTests/Info.plist;
				LD_RUNPATH_SEARCH_PATHS = "$(inherited) @executable_path/Frameworks @loader_path/Frameworks";
				PRODUCT_NAME = "$(TARGET_NAME)";
				TEST_HOST = "$(BUILT_PRODUCTS_DIR)/NerdFeed.app/NerdFeed";
			};
			name = Release;
		};
/* End XCBuildConfiguration section */

/* Begin XCConfigurationList section */
		521D3A781A857D5C00CC36AE /* Build configuration list for PBXProject "NerdFeed" */ = {
			isa = XCConfigurationList;
			buildConfigurations = (
				521D3A9A1A857D5C00CC36AE /* Debug */,
				521D3A9B1A857D5C00CC36AE /* Release */,
			);
			defaultConfigurationIsVisible = 0;
			defaultConfigurationName = Release;
		};
		521D3A9C1A857D5C00CC36AE /* Build configuration list for PBXNativeTarget "NerdFeed" */ = {
			isa = XCConfigurationList;
			buildConfigurations = (
				521D3A9D1A857D5C00CC36AE /* Debug */,
				521D3A9E1A857D5C00CC36AE /* Release */,
			);
			defaultConfigurationIsVisible = 0;
			defaultConfigurationName = Release;
		};
		521D3A9F1A857D5C00CC36AE /* Build configuration list for PBXNativeTarget "NerdFeedTests" */ = {
			isa = XCConfigurationList;
			buildConfigurations = (
				521D3AA01A857D5C00CC36AE /* Debug */,
				521D3AA11A857D5C00CC36AE /* Release */,
			);
			defaultConfigurationIsVisible = 0;
			defaultConfigurationName = Release;
		};
/* End XCConfigurationList section */
	};
	rootObject = 521D3A751A857D5C00CC36AE /* Project object */;
}
