// !$*UTF8*$!
{
	archiveVersion = 1;
	classes = {
	};
	objectVersion = 46;
	objects = {

/* Begin PBXBuildFile section */
		03C5AECB930C5A715C88AB7A /* AppDelegate.swift in Sources */ = {isa = PBXBuildFile; fileRef = DC43663BE5DE417F2C4F8697 /* AppDelegate.swift */; };
		044EB86C270B6ED137F047A3 /* Images.xcassets in Resources */ = {isa = PBXBuildFile; fileRef = 81EEE59E167D7ABE6BD36E3C /* Images.xcassets */; };
		52FDB2CB1A818192002C8050 /* ModalViewController.swift in Sources */ = {isa = PBXBuildFile; fileRef = 52FDB2CA1A818192002C8050 /* ModalViewController.swift */; };
		618E2E12DCCFEB33002648F9 /* Main.storyboard in Sources */ = {isa = PBXBuildFile; fileRef = 9A5B3ABFBC01404F5C068A72 /* Main.storyboard */; };
		D70A087A6CA0A956320FFEE7 /* LaunchScreen.xib in Sources */ = {isa = PBXBuildFile; fileRef = CDA85187FD59633B927B5555 /* LaunchScreen.xib */; };
		E84E840DA8265EF51EBA323E /* Foundation.framework in Frameworks */ = {isa = PBXBuildFile; fileRef = 29C449A5C1CEA7A5692B7BE7 /* Foundation.framework */; };
/* End PBXBuildFile section */

/* Begin PBXContainerItemProxy section */
		26703AECD7351AFFEFBA924C /* PBXContainerItemProxy */ = {
			isa = PBXContainerItemProxy;
			containerPortal = 0516A3CD47AE2053DE4D6F91 /* Project object */;
			proxyType = 1;
			remoteGlobalIDString = 04E45620C6CFDA4BD5221344;
			remoteInfo = StoryTime;
		};
/* End PBXContainerItemProxy section */

/* Begin PBXFileReference section */
		29C449A5C1CEA7A5692B7BE7 /* Foundation.framework */ = {isa = PBXFileReference; lastKnownFileType = wrapper.framework; name = Foundation.framework; path = Platforms/iPhoneOS.platform/Developer/SDKs/iPhoneOS7.1.sdk/System/Library/Frameworks/Foundation.framework; sourceTree = DEVELOPER_DIR; };
		52FDB2CA1A818192002C8050 /* ModalViewController.swift */ = {isa = PBXFileReference; fileEncoding = 4; lastKnownFileType = sourcecode.swift; path = ModalViewController.swift; sourceTree = "<group>"; };
		654EE9FEFC3E34164DAFE015 /* Info.plist */ = {isa = PBXFileReference; includeInIndex = 1; lastKnownFileType = text.plist.xml; path = Info.plist; sourceTree = "<group>"; };
		81EEE59E167D7ABE6BD36E3C /* Images.xcassets */ = {isa = PBXFileReference; includeInIndex = 1; lastKnownFileType = folder.assetcatalog; path = Images.xcassets; sourceTree = "<group>"; };
		83E0C2978134D7A41B66DF95 /* UnitTests-Info.plist */ = {isa = PBXFileReference; includeInIndex = 1; lastKnownFileType = text.plist.xml; path = "UnitTests-Info.plist"; sourceTree = "<group>"; };
		9A5B3ABFBC01404F5C068A72 /* Main.storyboard */ = {isa = PBXFileReference; includeInIndex = 1; lastKnownFileType = file.storyboard; path = Main.storyboard; sourceTree = "<group>"; };
		C0BE2E1270506E024E168924 /* UnitTests.xctest */ = {isa = PBXFileReference; explicitFileType = wrapper.cfbundle; includeInIndex = 0; path = UnitTests.xctest; sourceTree = BUILT_PRODUCTS_DIR; };
		CDA85187FD59633B927B5555 /* LaunchScreen.xib */ = {isa = PBXFileReference; includeInIndex = 1; lastKnownFileType = file.xib; path = LaunchScreen.xib; sourceTree = "<group>"; };
		D40BBAE3BF1524C427D36289 /* StoryTime.app */ = {isa = PBXFileReference; explicitFileType = wrapper.application; includeInIndex = 0; path = StoryTime.app; sourceTree = BUILT_PRODUCTS_DIR; };
		DC43663BE5DE417F2C4F8697 /* AppDelegate.swift */ = {isa = PBXFileReference; includeInIndex = 1; lastKnownFileType = sourcecode.swift; path = AppDelegate.swift; sourceTree = "<group>"; };
/* End PBXFileReference section */

/* Begin PBXFrameworksBuildPhase section */
		61F1C2F6FD83471B706F5299 /* Frameworks */ = {
			isa = PBXFrameworksBuildPhase;
			buildActionMask = 2147483647;
			files = (
				E84E840DA8265EF51EBA323E /* Foundation.framework in Frameworks */,
			);
			runOnlyForDeploymentPostprocessing = 0;
		};
		9EE8E4EE452C7D03F1A0B099 /* Frameworks */ = {
			isa = PBXFrameworksBuildPhase;
			buildActionMask = 2147483647;
			files = (
			);
			runOnlyForDeploymentPostprocessing = 0;
		};
/* End PBXFrameworksBuildPhase section */

/* Begin PBXGroup section */
		1729481E6055B9870BCC1540 /* UnitTests */ = {
			isa = PBXGroup;
			children = (
				C06CF1D7692B9AB7ABE5448F /* Resources */,
				7E5D4FEA8DDAEE2457B1CC41 /* Helpers */,
				8F41A5B58BDFFD118112C190 /* Tests */,
			);
			path = UnitTests;
			sourceTree = "<group>";
		};
		1C5AB82E49997DF674172362 /* Storyboards */ = {
			isa = PBXGroup;
			children = (
				9A5B3ABFBC01404F5C068A72 /* Main.storyboard */,
			);
			path = Storyboards;
			sourceTree = "<group>";
		};
		355D913A55E95609E668741A = {
			isa = PBXGroup;
			children = (
				4F334129B8BCF53ED07C5030 /* StoryTime */,
				1729481E6055B9870BCC1540 /* UnitTests */,
				6037A98E6CD979F499A95278 /* Frameworks */,
				9AC549D0ACDD063867E1FCD7 /* Products */,
			);
			indentWidth = 4;
			sourceTree = "<group>";
			tabWidth = 4;
			usesTabs = 0;
		};
		4F334129B8BCF53ED07C5030 /* StoryTime */ = {
			isa = PBXGroup;
			children = (
				BFA1537DA2640A6D79F0DF5B /* Extensions */,
				8131FE935174FC034F5A60F7 /* Protocols */,
				984F36515DE25DF2C621E8A2 /* Models */,
				E15DED951959BB5E33575ECD /* ViewModels */,
				C7CCB31D4C2BF0A0922C0CF8 /* Controllers */,
				F5D4887DE3D265A7DC6F2C8A /* Views */,
				DE690DE5E3E552A787119B44 /* Resources */,
			);
			path = StoryTime;
			sourceTree = "<group>";
		};
		6037A98E6CD979F499A95278 /* Frameworks */ = {
			isa = PBXGroup;
			children = (
				97418DCF25CEEBF72F9F6FF3 /* iOS */,
			);
			name = Frameworks;
			sourceTree = "<group>";
		};
		7E5D4FEA8DDAEE2457B1CC41 /* Helpers */ = {
			isa = PBXGroup;
			children = (
			);
			path = Helpers;
			sourceTree = "<group>";
		};
		8131FE935174FC034F5A60F7 /* Protocols */ = {
			isa = PBXGroup;
			children = (
			);
			path = Protocols;
			sourceTree = "<group>";
		};
		8F41A5B58BDFFD118112C190 /* Tests */ = {
			isa = PBXGroup;
			children = (
			);
			path = Tests;
			sourceTree = "<group>";
		};
		91784A22E61858604B650247 /* Other-Sources */ = {
			isa = PBXGroup;
			children = (
				654EE9FEFC3E34164DAFE015 /* Info.plist */,
			);
			path = "Other-Sources";
			sourceTree = "<group>";
		};
		97418DCF25CEEBF72F9F6FF3 /* iOS */ = {
			isa = PBXGroup;
			children = (
				29C449A5C1CEA7A5692B7BE7 /* Foundation.framework */,
			);
			name = iOS;
			sourceTree = "<group>";
		};
		984F36515DE25DF2C621E8A2 /* Models */ = {
			isa = PBXGroup;
			children = (
			);
			path = Models;
			sourceTree = "<group>";
		};
		9AC549D0ACDD063867E1FCD7 /* Products */ = {
			isa = PBXGroup;
			children = (
				D40BBAE3BF1524C427D36289 /* StoryTime.app */,
				C0BE2E1270506E024E168924 /* UnitTests.xctest */,
			);
			name = Products;
			sourceTree = "<group>";
		};
		BFA1537DA2640A6D79F0DF5B /* Extensions */ = {
			isa = PBXGroup;
			children = (
			);
			path = Extensions;
			sourceTree = "<group>";
		};
		C06CF1D7692B9AB7ABE5448F /* Resources */ = {
			isa = PBXGroup;
			children = (
				83E0C2978134D7A41B66DF95 /* UnitTests-Info.plist */,
			);
			path = Resources;
			sourceTree = "<group>";
		};
		C7CCB31D4C2BF0A0922C0CF8 /* Controllers */ = {
			isa = PBXGroup;
			children = (
				52FDB2CA1A818192002C8050 /* ModalViewController.swift */,
				DC43663BE5DE417F2C4F8697 /* AppDelegate.swift */,
			);
			path = Controllers;
			sourceTree = "<group>";
		};
		CA4486F5F987283F75D550CF /* Nibs */ = {
			isa = PBXGroup;
			children = (
				CDA85187FD59633B927B5555 /* LaunchScreen.xib */,
			);
			path = Nibs;
			sourceTree = "<group>";
		};
		DE690DE5E3E552A787119B44 /* Resources */ = {
			isa = PBXGroup;
			children = (
				81EEE59E167D7ABE6BD36E3C /* Images.xcassets */,
				1C5AB82E49997DF674172362 /* Storyboards */,
				CA4486F5F987283F75D550CF /* Nibs */,
				91784A22E61858604B650247 /* Other-Sources */,
			);
			path = Resources;
			sourceTree = "<group>";
		};
		E15DED951959BB5E33575ECD /* ViewModels */ = {
			isa = PBXGroup;
			children = (
			);
			path = ViewModels;
			sourceTree = "<group>";
		};
		F5D4887DE3D265A7DC6F2C8A /* Views */ = {
			isa = PBXGroup;
			children = (
			);
			path = Views;
			sourceTree = "<group>";
		};
/* End PBXGroup section */

/* Begin PBXNativeTarget section */
		04E45620C6CFDA4BD5221344 /* StoryTime */ = {
			isa = PBXNativeTarget;
			buildConfigurationList = D2522568A4C682DABE0F071D /* Build configuration list for PBXNativeTarget "StoryTime" */;
			buildPhases = (
				3A931F19C58D86FD7A21D36C /* Sources */,
				61F1C2F6FD83471B706F5299 /* Frameworks */,
				3092BF69EF145D0E275B7BF6 /* Resources */,
				476995B2147319461B801F51 /* Warn for TODO and FIXME comments */,
			);
			buildRules = (
			);
			dependencies = (
			);
			name = StoryTime;
			productName = StoryTime;
			productReference = D40BBAE3BF1524C427D36289 /* StoryTime.app */;
			productType = "com.apple.product-type.application";
		};
		73FFA111BFF271981FA30BF0 /* UnitTests */ = {
			isa = PBXNativeTarget;
			buildConfigurationList = FEFAF28C783B431BCD0F7817 /* Build configuration list for PBXNativeTarget "UnitTests" */;
			buildPhases = (
				2F23D700BB7A723BCCDE9185 /* Sources */,
				9EE8E4EE452C7D03F1A0B099 /* Frameworks */,
				E46A62A46E0D5F99D183897E /* Resources */,
			);
			buildRules = (
			);
			dependencies = (
				A7B88968448FEFF4D1BC9A62 /* PBXTargetDependency */,
			);
			name = UnitTests;
			productName = UnitTests;
			productReference = C0BE2E1270506E024E168924 /* UnitTests.xctest */;
			productType = "com.apple.product-type.bundle.unit-test";
		};
/* End PBXNativeTarget section */

/* Begin PBXProject section */
		0516A3CD47AE2053DE4D6F91 /* Project object */ = {
			isa = PBXProject;
			attributes = {
				CLASSPREFIX = WS;
				LastUpgradeCheck = 0510;
				ORGANIZATIONNAME = WigglingScholars;
			};
			buildConfigurationList = 657955779405F0B537F40EE4 /* Build configuration list for PBXProject "StoryTime" */;
			compatibilityVersion = "Xcode 3.2";
			developmentRegion = English;
			hasScannedForEncodings = 0;
			knownRegions = (
				en,
			);
			mainGroup = 355D913A55E95609E668741A;
			productRefGroup = 9AC549D0ACDD063867E1FCD7 /* Products */;
			projectDirPath = "";
			projectRoot = "";
			targets = (
				04E45620C6CFDA4BD5221344 /* StoryTime */,
				73FFA111BFF271981FA30BF0 /* UnitTests */,
			);
		};
/* End PBXProject section */

/* Begin PBXResourcesBuildPhase section */
		3092BF69EF145D0E275B7BF6 /* Resources */ = {
			isa = PBXResourcesBuildPhase;
			buildActionMask = 2147483647;
			files = (
				044EB86C270B6ED137F047A3 /* Images.xcassets in Resources */,
			);
			runOnlyForDeploymentPostprocessing = 0;
		};
		E46A62A46E0D5F99D183897E /* Resources */ = {
			isa = PBXResourcesBuildPhase;
			buildActionMask = 2147483647;
			files = (
			);
			runOnlyForDeploymentPostprocessing = 0;
		};
/* End PBXResourcesBuildPhase section */

/* Begin PBXShellScriptBuildPhase section */
		476995B2147319461B801F51 /* Warn for TODO and FIXME comments */ = {
			isa = PBXShellScriptBuildPhase;
			buildActionMask = 2147483647;
			files = (
			);
			inputPaths = (
			);
			name = "Warn for TODO and FIXME comments";
			outputPaths = (
			);
			runOnlyForDeploymentPostprocessing = 0;
			shellPath = /bin/sh;
			shellScript = "KEYWORDS=\"TODO:|FIXME:|\\?\\?\\?:|\\!\\!\\!:\"\nFILE_EXTENSIONS=\"h|m|mm|c|cpp\"\nfind -E \"${SRCROOT}\" -ipath \"${SRCROOT}/pods\" -prune -o \\( -regex \".*\\.($FILE_EXTENSIONS)$\" \\) -print0 | xargs -0 egrep --with-filename --line-number --only-matching \"($KEYWORDS).*\\$\" | perl -p -e \"s/($KEYWORDS)/ warning: \\$1/\"\n";
		};
/* End PBXShellScriptBuildPhase section */

/* Begin PBXSourcesBuildPhase section */
		2F23D700BB7A723BCCDE9185 /* Sources */ = {
			isa = PBXSourcesBuildPhase;
			buildActionMask = 2147483647;
			files = (
			);
			runOnlyForDeploymentPostprocessing = 0;
		};
		3A931F19C58D86FD7A21D36C /* Sources */ = {
			isa = PBXSourcesBuildPhase;
			buildActionMask = 2147483647;
			files = (
				52FDB2CB1A818192002C8050 /* ModalViewController.swift in Sources */,
				03C5AECB930C5A715C88AB7A /* AppDelegate.swift in Sources */,
				618E2E12DCCFEB33002648F9 /* Main.storyboard in Sources */,
				D70A087A6CA0A956320FFEE7 /* LaunchScreen.xib in Sources */,
			);
			runOnlyForDeploymentPostprocessing = 0;
		};
/* End PBXSourcesBuildPhase section */

/* Begin PBXTargetDependency section */
		A7B88968448FEFF4D1BC9A62 /* PBXTargetDependency */ = {
			isa = PBXTargetDependency;
			target = 04E45620C6CFDA4BD5221344 /* StoryTime */;
			targetProxy = 26703AECD7351AFFEFBA924C /* PBXContainerItemProxy */;
		};
/* End PBXTargetDependency section */

/* Begin XCBuildConfiguration section */
		2334451FA10D5C2B3150BA9F /* Release */ = {
			isa = XCBuildConfiguration;
			buildSettings = {
				BUNDLE_LOADER = "$(BUILT_PRODUCTS_DIR)/StoryTime.app/StoryTime";
				FRAMEWORK_SEARCH_PATHS = (
					"$(SDKROOT)/Developer/Library/Frameworks",
					"$(inherited)",
					"$(DEVELOPER_FRAMEWORKS_DIR)",
				);
				INFOPLIST_FILE = "UnitTests/Resources/UnitTests-Info.plist";
				PRODUCT_NAME = "$(TARGET_NAME)";
				SDKROOT = iphoneos;
				SKIP_INSTALL = YES;
				TEST_HOST = "$(BUNDLE_LOADER)";
				WRAPPER_EXTENSION = xctest;
			};
			name = Release;
		};
		2ABBEE4FF7863FBE126B60EA /* Debug */ = {
			isa = XCBuildConfiguration;
			buildSettings = {
				BUNDLE_LOADER = "$(BUILT_PRODUCTS_DIR)/StoryTime.app/StoryTime";
				FRAMEWORK_SEARCH_PATHS = (
					"$(SDKROOT)/Developer/Library/Frameworks",
					"$(inherited)",
					"$(DEVELOPER_FRAMEWORKS_DIR)",
				);
				INFOPLIST_FILE = "UnitTests/Resources/UnitTests-Info.plist";
				PRODUCT_NAME = "$(TARGET_NAME)";
				SDKROOT = iphoneos;
				SKIP_INSTALL = YES;
				TEST_HOST = "$(BUNDLE_LOADER)";
				WRAPPER_EXTENSION = xctest;
			};
			name = Debug;
		};
		5D957E47C55E28818D041F3D /* Release */ = {
			isa = XCBuildConfiguration;
			buildSettings = {
				ALWAYS_SEARCH_USER_PATHS = NO;
				COPY_PHASE_STRIP = YES;
				DSTROOT = /tmp/xcodeproj.dst;
				GCC_PRECOMPILE_PREFIX_HEADER = YES;
				GCC_TREAT_WARNINGS_AS_ERRORS = YES;
				INFOPLIST_FILE = "StoryTime/Resources/Other-Sources/Info.plist";
				INSTALL_PATH = "$(BUILT_PRODUCTS_DIR)";
				LD_RUNPATH_SEARCH_PATHS = "$(inherited) @executable_path/Frameworks";
				OTHER_CFLAGS = (
					"-DNS_BLOCK_ASSERTIONS=1",
					"$(inherited)",
				);
				OTHER_CPLUSPLUSFLAGS = (
					"-DNS_BLOCK_ASSERTIONS=1",
					"$(inherited)",
				);
				PRODUCT_NAME = "$(TARGET_NAME)";
				PUBLIC_HEADERS_FOLDER_PATH = "$(TARGET_NAME)";
				SDKROOT = iphoneos;
				VALIDATE_PRODUCT = YES;
			};
			name = Release;
		};
		91422D6C2E0B96C7CA856FC0 /* Release */ = {
			isa = XCBuildConfiguration;
			buildSettings = {
				ALWAYS_SEARCH_USER_PATHS = NO;
				ASSETCATALOG_COMPILER_APPICON_NAME = AppIcon;
				CLANG_CXX_LANGUAGE_STANDARD = "gnu++0x";
				CLANG_CXX_LIBRARY = "libc++";
				CLANG_ENABLE_MODULES = YES;
				CLANG_ENABLE_OBJC_ARC = YES;
				CLANG_WARN_BOOL_CONVERSION = YES;
				CLANG_WARN_CONSTANT_CONVERSION = YES;
				CLANG_WARN_DEPRECATED_OBJC_IMPLEMENTATIONS = YES;
				CLANG_WARN_DIRECT_OBJC_ISA_USAGE = YES;
				CLANG_WARN_EMPTY_BODY = YES;
				CLANG_WARN_ENUM_CONVERSION = YES;
				CLANG_WARN_IMPLICIT_SIGN_CONVERSION = YES;
				CLANG_WARN_INT_CONVERSION = YES;
				CLANG_WARN_OBJC_IMPLICIT_RETAIN_SELF = YES;
				CLANG_WARN_OBJC_ROOT_CLASS = YES;
				CLANG_WARN_SUSPICIOUS_IMPLICIT_CONVERSION = YES;
				"CODE_SIGN_IDENTITY[sdk=iphoneos*]" = "iPhone Developer";
				COPY_PHASE_STRIP = NO;
				ENABLE_NS_ASSERTIONS = NO;
				GCC_C_LANGUAGE_STANDARD = gnu99;
				GCC_WARN_64_TO_32_BIT_CONVERSION = YES;
				GCC_WARN_ABOUT_DEPRECATED_FUNCTIONS = YES;
				GCC_WARN_ABOUT_MISSING_FIELD_INITIALIZERS = YES;
				GCC_WARN_ABOUT_MISSING_NEWLINE = YES;
				GCC_WARN_ABOUT_RETURN_TYPE = YES;
				GCC_WARN_CHECK_SWITCH_STATEMENTS = YES;
				GCC_WARN_INITIALIZER_NOT_FULLY_BRACKETED = YES;
				GCC_WARN_MISSING_PARENTHESES = YES;
				GCC_WARN_SHADOW = YES;
				GCC_WARN_SIGN_COMPARE = YES;
				GCC_WARN_TYPECHECK_CALLS_TO_PRINTF = YES;
				GCC_WARN_UNDECLARED_SELECTOR = YES;
				GCC_WARN_UNINITIALIZED_AUTOS = YES;
				GCC_WARN_UNUSED_FUNCTION = YES;
				GCC_WARN_UNUSED_LABEL = YES;
				GCC_WARN_UNUSED_VALUE = YES;
				GCC_WARN_UNUSED_VARIABLE = YES;
				IPHONEOS_DEPLOYMENT_TARGET = 8.0;
				RUN_CLANG_STATIC_ANALYZER = YES;
				SDKROOT = iphoneos;
				VALIDATE_PRODUCT = YES;
			};
			name = Release;
		};
		D8052949ED71D2FF5B6D2DE6 /* Debug */ = {
			isa = XCBuildConfiguration;
			buildSettings = {
				ALWAYS_SEARCH_USER_PATHS = NO;
				ASSETCATALOG_COMPILER_APPICON_NAME = AppIcon;
				CLANG_CXX_LANGUAGE_STANDARD = "gnu++0x";
				CLANG_CXX_LIBRARY = "libc++";
				CLANG_ENABLE_MODULES = YES;
				CLANG_ENABLE_OBJC_ARC = YES;
				CLANG_WARN_BOOL_CONVERSION = YES;
				CLANG_WARN_CONSTANT_CONVERSION = YES;
				CLANG_WARN_DEPRECATED_OBJC_IMPLEMENTATIONS = YES;
				CLANG_WARN_DIRECT_OBJC_ISA_USAGE = YES;
				CLANG_WARN_EMPTY_BODY = YES;
				CLANG_WARN_ENUM_CONVERSION = YES;
				CLANG_WARN_IMPLICIT_SIGN_CONVERSION = YES;
				CLANG_WARN_INT_CONVERSION = YES;
				CLANG_WARN_OBJC_IMPLICIT_RETAIN_SELF = YES;
				CLANG_WARN_OBJC_ROOT_CLASS = YES;
				CLANG_WARN_SUSPICIOUS_IMPLICIT_CONVERSION = YES;
				"CODE_SIGN_IDENTITY[sdk=iphoneos*]" = "iPhone Developer";
				COPY_PHASE_STRIP = YES;
				GCC_C_LANGUAGE_STANDARD = gnu99;
				GCC_DYNAMIC_NO_PIC = NO;
				GCC_OPTIMIZATION_LEVEL = 0;
				GCC_PREPROCESSOR_DEFINITIONS = (
					"DEBUG=1",
					"$(inherited)",
				);
				GCC_SYMBOLS_PRIVATE_EXTERN = NO;
				GCC_WARN_64_TO_32_BIT_CONVERSION = YES;
				GCC_WARN_ABOUT_DEPRECATED_FUNCTIONS = YES;
				GCC_WARN_ABOUT_MISSING_FIELD_INITIALIZERS = YES;
				GCC_WARN_ABOUT_MISSING_NEWLINE = YES;
				GCC_WARN_ABOUT_RETURN_TYPE = YES;
				GCC_WARN_CHECK_SWITCH_STATEMENTS = YES;
				GCC_WARN_INITIALIZER_NOT_FULLY_BRACKETED = YES;
				GCC_WARN_MISSING_PARENTHESES = YES;
				GCC_WARN_SHADOW = YES;
				GCC_WARN_SIGN_COMPARE = YES;
				GCC_WARN_TYPECHECK_CALLS_TO_PRINTF = YES;
				GCC_WARN_UNDECLARED_SELECTOR = YES;
				GCC_WARN_UNINITIALIZED_AUTOS = YES;
				GCC_WARN_UNUSED_FUNCTION = YES;
				GCC_WARN_UNUSED_LABEL = YES;
				GCC_WARN_UNUSED_VALUE = YES;
				GCC_WARN_UNUSED_VARIABLE = YES;
				IPHONEOS_DEPLOYMENT_TARGET = 8.0;
				ONLY_ACTIVE_ARCH = YES;
				RUN_CLANG_STATIC_ANALYZER = YES;
				SDKROOT = iphoneos;
			};
			name = Debug;
		};
		F72E391E88B6FDF79BD32AEC /* Debug */ = {
			isa = XCBuildConfiguration;
			buildSettings = {
				ALWAYS_SEARCH_USER_PATHS = NO;
				COPY_PHASE_STRIP = NO;
				DSTROOT = /tmp/xcodeproj.dst;
				GCC_DYNAMIC_NO_PIC = NO;
				GCC_OPTIMIZATION_LEVEL = 0;
				GCC_PRECOMPILE_PREFIX_HEADER = YES;
				GCC_PREPROCESSOR_DEFINITIONS = (
					"DEBUG=1",
					"$(inherited)",
				);
				GCC_SYMBOLS_PRIVATE_EXTERN = NO;
				INFOPLIST_FILE = "StoryTime/Resources/Other-Sources/Info.plist";
				INSTALL_PATH = "$(BUILT_PRODUCTS_DIR)";
				LD_RUNPATH_SEARCH_PATHS = "$(inherited) @executable_path/Frameworks";
				PRODUCT_NAME = "$(TARGET_NAME)";
				PUBLIC_HEADERS_FOLDER_PATH = "$(TARGET_NAME)";
				SDKROOT = iphoneos;
			};
			name = Debug;
		};
/* End XCBuildConfiguration section */

/* Begin XCConfigurationList section */
		657955779405F0B537F40EE4 /* Build configuration list for PBXProject "StoryTime" */ = {
			isa = XCConfigurationList;
			buildConfigurations = (
				D8052949ED71D2FF5B6D2DE6 /* Debug */,
				91422D6C2E0B96C7CA856FC0 /* Release */,
			);
			defaultConfigurationIsVisible = 0;
			defaultConfigurationName = Release;
		};
		D2522568A4C682DABE0F071D /* Build configuration list for PBXNativeTarget "StoryTime" */ = {
			isa = XCConfigurationList;
			buildConfigurations = (
				5D957E47C55E28818D041F3D /* Release */,
				F72E391E88B6FDF79BD32AEC /* Debug */,
			);
			defaultConfigurationIsVisible = 0;
			defaultConfigurationName = Release;
		};
		FEFAF28C783B431BCD0F7817 /* Build configuration list for PBXNativeTarget "UnitTests" */ = {
			isa = XCConfigurationList;
			buildConfigurations = (
				2334451FA10D5C2B3150BA9F /* Release */,
				2ABBEE4FF7863FBE126B60EA /* Debug */,
			);
			defaultConfigurationIsVisible = 0;
			defaultConfigurationName = Release;
		};
/* End XCConfigurationList section */
	};
	rootObject = 0516A3CD47AE2053DE4D6F91 /* Project object */;
}
