// !$*UTF8*$!
{
	archiveVersion = 1;
	classes = {
	};
	objectVersion = 46;
	objects = {

/* Begin PBXBuildFile section */
		EB7E4D9919B3CEDB001444AE /* AppDelegate.swift in Sources */ = {isa = PBXBuildFile; fileRef = EB7E4D9819B3CEDB001444AE /* AppDelegate.swift */; };
		EB7E4D9B19B3CEDB001444AE /* FirstViewController.swift in Sources */ = {isa = PBXBuildFile; fileRef = EB7E4D9A19B3CEDB001444AE /* FirstViewController.swift */; };
		EB7E4D9D19B3CEDB001444AE /* SecondViewController.swift in Sources */ = {isa = PBXBuildFile; fileRef = EB7E4D9C19B3CEDB001444AE /* SecondViewController.swift */; };
		EB7E4DA019B3CEDB001444AE /* Main.storyboard in Resources */ = {isa = PBXBuildFile; fileRef = EB7E4D9E19B3CEDB001444AE /* Main.storyboard */; };
		EB7E4DA219B3CEDB001444AE /* Images.xcassets in Resources */ = {isa = PBXBuildFile; fileRef = EB7E4DA119B3CEDB001444AE /* Images.xcassets */; };
		EB7E4DAE19B3CEDC001444AE /* HypnoTimeTests.swift in Sources */ = {isa = PBXBuildFile; fileRef = EB7E4DAD19B3CEDC001444AE /* HypnoTimeTests.swift */; };
/* End PBXBuildFile section */

/* Begin PBXContainerItemProxy section */
		EB7E4DA819B3CEDC001444AE /* PBXContainerItemProxy */ = {
			isa = PBXContainerItemProxy;
			containerPortal = EB7E4D8B19B3CEDB001444AE /* Project object */;
			proxyType = 1;
			remoteGlobalIDString = EB7E4D9219B3CEDB001444AE;
			remoteInfo = HypnoTime;
		};
/* End PBXContainerItemProxy section */

/* Begin PBXFileReference section */
		EB7E4D9319B3CEDB001444AE /* HypnoTime.app */ = {isa = PBXFileReference; explicitFileType = wrapper.application; includeInIndex = 0; path = HypnoTime.app; sourceTree = BUILT_PRODUCTS_DIR; };
		EB7E4D9719B3CEDB001444AE /* Info.plist */ = {isa = PBXFileReference; lastKnownFileType = text.plist.xml; path = Info.plist; sourceTree = "<group>"; };
		EB7E4D9819B3CEDB001444AE /* AppDelegate.swift */ = {isa = PBXFileReference; lastKnownFileType = sourcecode.swift; path = AppDelegate.swift; sourceTree = "<group>"; };
		EB7E4D9A19B3CEDB001444AE /* FirstViewController.swift */ = {isa = PBXFileReference; lastKnownFileType = sourcecode.swift; path = FirstViewController.swift; sourceTree = "<group>"; };
		EB7E4D9C19B3CEDB001444AE /* SecondViewController.swift */ = {isa = PBXFileReference; lastKnownFileType = sourcecode.swift; path = SecondViewController.swift; sourceTree = "<group>"; };
		EB7E4D9F19B3CEDB001444AE /* Base */ = {isa = PBXFileReference; lastKnownFileType = file.storyboard; name = Base; path = Base.lproj/Main.storyboard; sourceTree = "<group>"; };
		EB7E4DA119B3CEDB001444AE /* Images.xcassets */ = {isa = PBXFileReference; lastKnownFileType = folder.assetcatalog; path = Images.xcassets; sourceTree = "<group>"; };
		EB7E4DA719B3CEDC001444AE /* HypnoTimeTests.xctest */ = {isa = PBXFileReference; explicitFileType = wrapper.cfbundle; includeInIndex = 0; path = HypnoTimeTests.xctest; sourceTree = BUILT_PRODUCTS_DIR; };
		EB7E4DAC19B3CEDC001444AE /* Info.plist */ = {isa = PBXFileReference; lastKnownFileType = text.plist.xml; path = Info.plist; sourceTree = "<group>"; };
		EB7E4DAD19B3CEDC001444AE /* HypnoTimeTests.swift */ = {isa = PBXFileReference; lastKnownFileType = sourcecode.swift; path = HypnoTimeTests.swift; sourceTree = "<group>"; };
/* End PBXFileReference section */

/* Begin PBXFrameworksBuildPhase section */
		EB7E4D9019B3CEDB001444AE /* Frameworks */ = {
			isa = PBXFrameworksBuildPhase;
			buildActionMask = 2147483647;
			files = (
			);
			runOnlyForDeploymentPostprocessing = 0;
		};
		EB7E4DA419B3CEDC001444AE /* Frameworks */ = {
			isa = PBXFrameworksBuildPhase;
			buildActionMask = 2147483647;
			files = (
			);
			runOnlyForDeploymentPostprocessing = 0;
		};
/* End PBXFrameworksBuildPhase section */

/* Begin PBXGroup section */
		EB7E4D8A19B3CEDB001444AE = {
			isa = PBXGroup;
			children = (
				EB7E4D9519B3CEDB001444AE /* HypnoTime */,
				EB7E4DAA19B3CEDC001444AE /* HypnoTimeTests */,
				EB7E4D9419B3CEDB001444AE /* Products */,
			);
			sourceTree = "<group>";
		};
		EB7E4D9419B3CEDB001444AE /* Products */ = {
			isa = PBXGroup;
			children = (
				EB7E4D9319B3CEDB001444AE /* HypnoTime.app */,
				EB7E4DA719B3CEDC001444AE /* HypnoTimeTests.xctest */,
			);
			name = Products;
			sourceTree = "<group>";
		};
		EB7E4D9519B3CEDB001444AE /* HypnoTime */ = {
			isa = PBXGroup;
			children = (
				EB7E4D9819B3CEDB001444AE /* AppDelegate.swift */,
				EB7E4D9A19B3CEDB001444AE /* FirstViewController.swift */,
				EB7E4D9C19B3CEDB001444AE /* SecondViewController.swift */,
				EB7E4D9E19B3CEDB001444AE /* Main.storyboard */,
				EB7E4DA119B3CEDB001444AE /* Images.xcassets */,
				EB7E4D9619B3CEDB001444AE /* Supporting Files */,
			);
			path = HypnoTime;
			sourceTree = "<group>";
		};
		EB7E4D9619B3CEDB001444AE /* Supporting Files */ = {
			isa = PBXGroup;
			children = (
				EB7E4D9719B3CEDB001444AE /* Info.plist */,
			);
			name = "Supporting Files";
			sourceTree = "<group>";
		};
		EB7E4DAA19B3CEDC001444AE /* HypnoTimeTests */ = {
			isa = PBXGroup;
			children = (
				EB7E4DAD19B3CEDC001444AE /* HypnoTimeTests.swift */,
				EB7E4DAB19B3CEDC001444AE /* Supporting Files */,
			);
			path = HypnoTimeTests;
			sourceTree = "<group>";
		};
		EB7E4DAB19B3CEDC001444AE /* Supporting Files */ = {
			isa = PBXGroup;
			children = (
				EB7E4DAC19B3CEDC001444AE /* Info.plist */,
			);
			name = "Supporting Files";
			sourceTree = "<group>";
		};
/* End PBXGroup section */

/* Begin PBXNativeTarget section */
		EB7E4D9219B3CEDB001444AE /* HypnoTime */ = {
			isa = PBXNativeTarget;
			buildConfigurationList = EB7E4DB119B3CEDC001444AE /* Build configuration list for PBXNativeTarget "HypnoTime" */;
			buildPhases = (
				EB7E4D8F19B3CEDB001444AE /* Sources */,
				EB7E4D9019B3CEDB001444AE /* Frameworks */,
				EB7E4D9119B3CEDB001444AE /* Resources */,
			);
			buildRules = (
			);
			dependencies = (
			);
			name = HypnoTime;
			productName = HypnoTime;
			productReference = EB7E4D9319B3CEDB001444AE /* HypnoTime.app */;
			productType = "com.apple.product-type.application";
		};
		EB7E4DA619B3CEDC001444AE /* HypnoTimeTests */ = {
			isa = PBXNativeTarget;
			buildConfigurationList = EB7E4DB419B3CEDC001444AE /* Build configuration list for PBXNativeTarget "HypnoTimeTests" */;
			buildPhases = (
				EB7E4DA319B3CEDC001444AE /* Sources */,
				EB7E4DA419B3CEDC001444AE /* Frameworks */,
				EB7E4DA519B3CEDC001444AE /* Resources */,
			);
			buildRules = (
			);
			dependencies = (
				EB7E4DA919B3CEDC001444AE /* PBXTargetDependency */,
			);
			name = HypnoTimeTests;
			productName = HypnoTimeTests;
			productReference = EB7E4DA719B3CEDC001444AE /* HypnoTimeTests.xctest */;
			productType = "com.apple.product-type.bundle.unit-test";
		};
/* End PBXNativeTarget section */

/* Begin PBXProject section */
		EB7E4D8B19B3CEDB001444AE /* Project object */ = {
			isa = PBXProject;
			attributes = {
				LastUpgradeCheck = 0600;
				ORGANIZATIONNAME = "In Your Dreams Software";
				TargetAttributes = {
					EB7E4D9219B3CEDB001444AE = {
						CreatedOnToolsVersion = 6.0;
					};
					EB7E4DA619B3CEDC001444AE = {
						CreatedOnToolsVersion = 6.0;
						TestTargetID = EB7E4D9219B3CEDB001444AE;
					};
				};
			};
			buildConfigurationList = EB7E4D8E19B3CEDB001444AE /* Build configuration list for PBXProject "HypnoTime" */;
			compatibilityVersion = "Xcode 3.2";
			developmentRegion = English;
			hasScannedForEncodings = 0;
			knownRegions = (
				en,
				Base,
			);
			mainGroup = EB7E4D8A19B3CEDB001444AE;
			productRefGroup = EB7E4D9419B3CEDB001444AE /* Products */;
			projectDirPath = "";
			projectRoot = "";
			targets = (
				EB7E4D9219B3CEDB001444AE /* HypnoTime */,
				EB7E4DA619B3CEDC001444AE /* HypnoTimeTests */,
			);
		};
/* End PBXProject section */

/* Begin PBXResourcesBuildPhase section */
		EB7E4D9119B3CEDB001444AE /* Resources */ = {
			isa = PBXResourcesBuildPhase;
			buildActionMask = 2147483647;
			files = (
				EB7E4DA019B3CEDB001444AE /* Main.storyboard in Resources */,
				EB7E4DA219B3CEDB001444AE /* Images.xcassets in Resources */,
			);
			runOnlyForDeploymentPostprocessing = 0;
		};
		EB7E4DA519B3CEDC001444AE /* Resources */ = {
			isa = PBXResourcesBuildPhase;
			buildActionMask = 2147483647;
			files = (
			);
			runOnlyForDeploymentPostprocessing = 0;
		};
/* End PBXResourcesBuildPhase section */

/* Begin PBXSourcesBuildPhase section */
		EB7E4D8F19B3CEDB001444AE /* Sources */ = {
			isa = PBXSourcesBuildPhase;
			buildActionMask = 2147483647;
			files = (
				EB7E4D9D19B3CEDB001444AE /* SecondViewController.swift in Sources */,
				EB7E4D9919B3CEDB001444AE /* AppDelegate.swift in Sources */,
				EB7E4D9B19B3CEDB001444AE /* FirstViewController.swift in Sources */,
			);
			runOnlyForDeploymentPostprocessing = 0;
		};
		EB7E4DA319B3CEDC001444AE /* Sources */ = {
			isa = PBXSourcesBuildPhase;
			buildActionMask = 2147483647;
			files = (
				EB7E4DAE19B3CEDC001444AE /* HypnoTimeTests.swift in Sources */,
			);
			runOnlyForDeploymentPostprocessing = 0;
		};
/* End PBXSourcesBuildPhase section */

/* Begin PBXTargetDependency section */
		EB7E4DA919B3CEDC001444AE /* PBXTargetDependency */ = {
			isa = PBXTargetDependency;
			target = EB7E4D9219B3CEDB001444AE /* HypnoTime */;
			targetProxy = EB7E4DA819B3CEDC001444AE /* PBXContainerItemProxy */;
		};
/* End PBXTargetDependency section */

/* Begin PBXVariantGroup section */
		EB7E4D9E19B3CEDB001444AE /* Main.storyboard */ = {
			isa = PBXVariantGroup;
			children = (
				EB7E4D9F19B3CEDB001444AE /* Base */,
			);
			name = Main.storyboard;
			sourceTree = "<group>";
		};
/* End PBXVariantGroup section */

/* Begin XCBuildConfiguration section */
		EB7E4DAF19B3CEDC001444AE /* Debug */ = {
			isa = XCBuildConfiguration;
			buildSettings = {
				ALWAYS_SEARCH_USER_PATHS = NO;
				CLANG_CXX_LANGUAGE_STANDARD = "gnu++0x";
				CLANG_CXX_LIBRARY = "libc++";
				CLANG_ENABLE_MODULES = YES;
				CLANG_ENABLE_OBJC_ARC = YES;
				CLANG_WARN_BOOL_CONVERSION = YES;
				CLANG_WARN_CONSTANT_CONVERSION = YES;
				CLANG_WARN_DIRECT_OBJC_ISA_USAGE = YES_ERROR;
				CLANG_WARN_EMPTY_BODY = YES;
				CLANG_WARN_ENUM_CONVERSION = YES;
				CLANG_WARN_INT_CONVERSION = YES;
				CLANG_WARN_OBJC_ROOT_CLASS = YES_ERROR;
				CLANG_WARN_UNREACHABLE_CODE = YES;
				CLANG_WARN__DUPLICATE_METHOD_MATCH = YES;
				"CODE_SIGN_IDENTITY[sdk=iphoneos*]" = "iPhone Developer";
				COPY_PHASE_STRIP = NO;
				ENABLE_STRICT_OBJC_MSGSEND = YES;
				GCC_C_LANGUAGE_STANDARD = gnu99;
				GCC_DYNAMIC_NO_PIC = NO;
				GCC_OPTIMIZATION_LEVEL = 0;
				GCC_PREPROCESSOR_DEFINITIONS = (
					"DEBUG=1",
					"$(inherited)",
				);
				GCC_SYMBOLS_PRIVATE_EXTERN = NO;
				GCC_WARN_64_TO_32_BIT_CONVERSION = YES;
				GCC_WARN_ABOUT_RETURN_TYPE = YES_ERROR;
				GCC_WARN_UNDECLARED_SELECTOR = YES;
				GCC_WARN_UNINITIALIZED_AUTOS = YES_AGGRESSIVE;
				GCC_WARN_UNUSED_FUNCTION = YES;
				GCC_WARN_UNUSED_VARIABLE = YES;
				IPHONEOS_DEPLOYMENT_TARGET = 8.0;
				MTL_ENABLE_DEBUG_INFO = YES;
				ONLY_ACTIVE_ARCH = YES;
				SDKROOT = iphoneos;
				SWIFT_OPTIMIZATION_LEVEL = "-Onone";
				TARGETED_DEVICE_FAMILY = "1,2";
			};
			name = Debug;
		};
		EB7E4DB019B3CEDC001444AE /* Release */ = {
			isa = XCBuildConfiguration;
			buildSettings = {
				ALWAYS_SEARCH_USER_PATHS = NO;
				CLANG_CXX_LANGUAGE_STANDARD = "gnu++0x";
				CLANG_CXX_LIBRARY = "libc++";
				CLANG_ENABLE_MODULES = YES;
				CLANG_ENABLE_OBJC_ARC = YES;
				CLANG_WARN_BOOL_CONVERSION = YES;
				CLANG_WARN_CONSTANT_CONVERSION = YES;
				CLANG_WARN_DIRECT_OBJC_ISA_USAGE = YES_ERROR;
				CLANG_WARN_EMPTY_BODY = YES;
				CLANG_WARN_ENUM_CONVERSION = YES;
				CLANG_WARN_INT_CONVERSION = YES;
				CLANG_WARN_OBJC_ROOT_CLASS = YES_ERROR;
				CLANG_WARN_UNREACHABLE_CODE = YES;
				CLANG_WARN__DUPLICATE_METHOD_MATCH = YES;
				"CODE_SIGN_IDENTITY[sdk=iphoneos*]" = "iPhone Developer";
				COPY_PHASE_STRIP = YES;
				ENABLE_NS_ASSERTIONS = NO;
				ENABLE_STRICT_OBJC_MSGSEND = YES;
				GCC_C_LANGUAGE_STANDARD = gnu99;
				GCC_WARN_64_TO_32_BIT_CONVERSION = YES;
				GCC_WARN_ABOUT_RETURN_TYPE = YES_ERROR;
				GCC_WARN_UNDECLARED_SELECTOR = YES;
				GCC_WARN_UNINITIALIZED_AUTOS = YES_AGGRESSIVE;
				GCC_WARN_UNUSED_FUNCTION = YES;
				GCC_WARN_UNUSED_VARIABLE = YES;
				IPHONEOS_DEPLOYMENT_TARGET = 8.0;
				MTL_ENABLE_DEBUG_INFO = NO;
				SDKROOT = iphoneos;
				TARGETED_DEVICE_FAMILY = "1,2";
				VALIDATE_PRODUCT = YES;
			};
			name = Release;
		};
		EB7E4DB219B3CEDC001444AE /* Debug */ = {
			isa = XCBuildConfiguration;
			buildSettings = {
				ASSETCATALOG_COMPILER_APPICON_NAME = AppIcon;
				ASSETCATALOG_COMPILER_LAUNCHIMAGE_NAME = LaunchImage;
				INFOPLIST_FILE = HypnoTime/Info.plist;
				LD_RUNPATH_SEARCH_PATHS = "$(inherited) @executable_path/Frameworks";
				PRODUCT_NAME = "$(TARGET_NAME)";
			};
			name = Debug;
		};
		EB7E4DB319B3CEDC001444AE /* Release */ = {
			isa = XCBuildConfiguration;
			buildSettings = {
				ASSETCATALOG_COMPILER_APPICON_NAME = AppIcon;
				ASSETCATALOG_COMPILER_LAUNCHIMAGE_NAME = LaunchImage;
				INFOPLIST_FILE = HypnoTime/Info.plist;
				LD_RUNPATH_SEARCH_PATHS = "$(inherited) @executable_path/Frameworks";
				PRODUCT_NAME = "$(TARGET_NAME)";
			};
			name = Release;
		};
		EB7E4DB519B3CEDC001444AE /* Debug */ = {
			isa = XCBuildConfiguration;
			buildSettings = {
				BUNDLE_LOADER = "$(TEST_HOST)";
				FRAMEWORK_SEARCH_PATHS = (
					"$(SDKROOT)/Developer/Library/Frameworks",
					"$(inherited)",
				);
				GCC_PREPROCESSOR_DEFINITIONS = (
					"DEBUG=1",
					"$(inherited)",
				);
				INFOPLIST_FILE = HypnoTimeTests/Info.plist;
				LD_RUNPATH_SEARCH_PATHS = "$(inherited) @executable_path/Frameworks @loader_path/Frameworks";
				PRODUCT_NAME = "$(TARGET_NAME)";
				TEST_HOST = "$(BUILT_PRODUCTS_DIR)/HypnoTime.app/HypnoTime";
			};
			name = Debug;
		};
		EB7E4DB619B3CEDC001444AE /* Release */ = {
			isa = XCBuildConfiguration;
			buildSettings = {
				BUNDLE_LOADER = "$(TEST_HOST)";
				FRAMEWORK_SEARCH_PATHS = (
					"$(SDKROOT)/Developer/Library/Frameworks",
					"$(inherited)",
				);
				INFOPLIST_FILE = HypnoTimeTests/Info.plist;
				LD_RUNPATH_SEARCH_PATHS = "$(inherited) @executable_path/Frameworks @loader_path/Frameworks";
				PRODUCT_NAME = "$(TARGET_NAME)";
				TEST_HOST = "$(BUILT_PRODUCTS_DIR)/HypnoTime.app/HypnoTime";
			};
			name = Release;
		};
/* End XCBuildConfiguration section */

/* Begin XCConfigurationList section */
		EB7E4D8E19B3CEDB001444AE /* Build configuration list for PBXProject "HypnoTime" */ = {
			isa = XCConfigurationList;
			buildConfigurations = (
				EB7E4DAF19B3CEDC001444AE /* Debug */,
				EB7E4DB019B3CEDC001444AE /* Release */,
			);
			defaultConfigurationIsVisible = 0;
			defaultConfigurationName = Release;
		};
		EB7E4DB119B3CEDC001444AE /* Build configuration list for PBXNativeTarget "HypnoTime" */ = {
			isa = XCConfigurationList;
			buildConfigurations = (
				EB7E4DB219B3CEDC001444AE /* Debug */,
				EB7E4DB319B3CEDC001444AE /* Release */,
			);
			defaultConfigurationIsVisible = 0;
		};
		EB7E4DB419B3CEDC001444AE /* Build configuration list for PBXNativeTarget "HypnoTimeTests" */ = {
			isa = XCConfigurationList;
			buildConfigurations = (
				EB7E4DB519B3CEDC001444AE /* Debug */,
				EB7E4DB619B3CEDC001444AE /* Release */,
			);
			defaultConfigurationIsVisible = 0;
		};
/* End XCConfigurationList section */
	};
	rootObject = EB7E4D8B19B3CEDB001444AE /* Project object */;
}
