// !$*UTF8*$!
{
	archiveVersion = 1;
	classes = {
	};
	objectVersion = 46;
	objects = {

/* Begin PBXBuildFile section */
		520DDAAC19BD0F6100D98F9C /* HeavyViewController.swift in Sources */ = {isa = PBXBuildFile; fileRef = 520DDAAA19BD0F6100D98F9C /* HeavyViewController.swift */; };
		520DDAAD19BD0F6100D98F9C /* HeavyViewController.xib in Resources */ = {isa = PBXBuildFile; fileRef = 520DDAAB19BD0F6100D98F9C /* HeavyViewController.xib */; };
		52DE307719BCA44300B85600 /* AppDelegate.swift in Sources */ = {isa = PBXBuildFile; fileRef = 52DE307619BCA44300B85600 /* AppDelegate.swift */; };
		52DE307919BCA44300B85600 /* ViewController.swift in Sources */ = {isa = PBXBuildFile; fileRef = 52DE307819BCA44300B85600 /* ViewController.swift */; };
		52DE307C19BCA44300B85600 /* Main.storyboard in Resources */ = {isa = PBXBuildFile; fileRef = 52DE307A19BCA44300B85600 /* Main.storyboard */; };
		52DE307E19BCA44300B85600 /* Images.xcassets in Resources */ = {isa = PBXBuildFile; fileRef = 52DE307D19BCA44300B85600 /* Images.xcassets */; };
		52DE308A19BCA44400B85600 /* HeavyRotationTests.swift in Sources */ = {isa = PBXBuildFile; fileRef = 52DE308919BCA44400B85600 /* HeavyRotationTests.swift */; };
/* End PBXBuildFile section */

/* Begin PBXContainerItemProxy section */
		52DE308419BCA44400B85600 /* PBXContainerItemProxy */ = {
			isa = PBXContainerItemProxy;
			containerPortal = 52DE306919BCA44300B85600 /* Project object */;
			proxyType = 1;
			remoteGlobalIDString = 52DE307019BCA44300B85600;
			remoteInfo = HeavyRotation;
		};
/* End PBXContainerItemProxy section */

/* Begin PBXFileReference section */
		520DDAAA19BD0F6100D98F9C /* HeavyViewController.swift */ = {isa = PBXFileReference; fileEncoding = 4; lastKnownFileType = sourcecode.swift; name = HeavyViewController.swift; path = HeavyRotation/HeavyViewController.swift; sourceTree = "<group>"; };
		520DDAAB19BD0F6100D98F9C /* HeavyViewController.xib */ = {isa = PBXFileReference; fileEncoding = 4; lastKnownFileType = file.xib; name = HeavyViewController.xib; path = HeavyRotation/HeavyViewController.xib; sourceTree = "<group>"; };
		52DE307119BCA44300B85600 /* HeavyRotation.app */ = {isa = PBXFileReference; explicitFileType = wrapper.application; includeInIndex = 0; path = HeavyRotation.app; sourceTree = BUILT_PRODUCTS_DIR; };
		52DE307519BCA44300B85600 /* Info.plist */ = {isa = PBXFileReference; lastKnownFileType = text.plist.xml; path = Info.plist; sourceTree = "<group>"; };
		52DE307619BCA44300B85600 /* AppDelegate.swift */ = {isa = PBXFileReference; lastKnownFileType = sourcecode.swift; path = AppDelegate.swift; sourceTree = "<group>"; };
		52DE307819BCA44300B85600 /* ViewController.swift */ = {isa = PBXFileReference; lastKnownFileType = sourcecode.swift; path = ViewController.swift; sourceTree = "<group>"; };
		52DE307B19BCA44300B85600 /* Base */ = {isa = PBXFileReference; lastKnownFileType = file.storyboard; name = Base; path = Base.lproj/Main.storyboard; sourceTree = "<group>"; };
		52DE307D19BCA44300B85600 /* Images.xcassets */ = {isa = PBXFileReference; lastKnownFileType = folder.assetcatalog; path = Images.xcassets; sourceTree = "<group>"; };
		52DE308319BCA44400B85600 /* HeavyRotationTests.xctest */ = {isa = PBXFileReference; explicitFileType = wrapper.cfbundle; includeInIndex = 0; path = HeavyRotationTests.xctest; sourceTree = BUILT_PRODUCTS_DIR; };
		52DE308819BCA44400B85600 /* Info.plist */ = {isa = PBXFileReference; lastKnownFileType = text.plist.xml; path = Info.plist; sourceTree = "<group>"; };
		52DE308919BCA44400B85600 /* HeavyRotationTests.swift */ = {isa = PBXFileReference; lastKnownFileType = sourcecode.swift; path = HeavyRotationTests.swift; sourceTree = "<group>"; };
/* End PBXFileReference section */

/* Begin PBXFrameworksBuildPhase section */
		52DE306E19BCA44300B85600 /* Frameworks */ = {
			isa = PBXFrameworksBuildPhase;
			buildActionMask = 2147483647;
			files = (
			);
			runOnlyForDeploymentPostprocessing = 0;
		};
		52DE308019BCA44400B85600 /* Frameworks */ = {
			isa = PBXFrameworksBuildPhase;
			buildActionMask = 2147483647;
			files = (
			);
			runOnlyForDeploymentPostprocessing = 0;
		};
/* End PBXFrameworksBuildPhase section */

/* Begin PBXGroup section */
		52DE306819BCA44300B85600 = {
			isa = PBXGroup;
			children = (
				520DDAAA19BD0F6100D98F9C /* HeavyViewController.swift */,
				520DDAAB19BD0F6100D98F9C /* HeavyViewController.xib */,
				52DE307319BCA44300B85600 /* HeavyRotation */,
				52DE308619BCA44400B85600 /* HeavyRotationTests */,
				52DE307219BCA44300B85600 /* Products */,
			);
			sourceTree = "<group>";
		};
		52DE307219BCA44300B85600 /* Products */ = {
			isa = PBXGroup;
			children = (
				52DE307119BCA44300B85600 /* HeavyRotation.app */,
				52DE308319BCA44400B85600 /* HeavyRotationTests.xctest */,
			);
			name = Products;
			sourceTree = "<group>";
		};
		52DE307319BCA44300B85600 /* HeavyRotation */ = {
			isa = PBXGroup;
			children = (
				52DE307619BCA44300B85600 /* AppDelegate.swift */,
				52DE307819BCA44300B85600 /* ViewController.swift */,
				52DE307A19BCA44300B85600 /* Main.storyboard */,
				52DE307D19BCA44300B85600 /* Images.xcassets */,
				52DE307419BCA44300B85600 /* Supporting Files */,
			);
			path = HeavyRotation;
			sourceTree = "<group>";
		};
		52DE307419BCA44300B85600 /* Supporting Files */ = {
			isa = PBXGroup;
			children = (
				52DE307519BCA44300B85600 /* Info.plist */,
			);
			name = "Supporting Files";
			sourceTree = "<group>";
		};
		52DE308619BCA44400B85600 /* HeavyRotationTests */ = {
			isa = PBXGroup;
			children = (
				52DE308919BCA44400B85600 /* HeavyRotationTests.swift */,
				52DE308719BCA44400B85600 /* Supporting Files */,
			);
			path = HeavyRotationTests;
			sourceTree = "<group>";
		};
		52DE308719BCA44400B85600 /* Supporting Files */ = {
			isa = PBXGroup;
			children = (
				52DE308819BCA44400B85600 /* Info.plist */,
			);
			name = "Supporting Files";
			sourceTree = "<group>";
		};
/* End PBXGroup section */

/* Begin PBXNativeTarget section */
		52DE307019BCA44300B85600 /* HeavyRotation */ = {
			isa = PBXNativeTarget;
			buildConfigurationList = 52DE308D19BCA44400B85600 /* Build configuration list for PBXNativeTarget "HeavyRotation" */;
			buildPhases = (
				52DE306D19BCA44300B85600 /* Sources */,
				52DE306E19BCA44300B85600 /* Frameworks */,
				52DE306F19BCA44300B85600 /* Resources */,
			);
			buildRules = (
			);
			dependencies = (
			);
			name = HeavyRotation;
			productName = HeavyRotation;
			productReference = 52DE307119BCA44300B85600 /* HeavyRotation.app */;
			productType = "com.apple.product-type.application";
		};
		52DE308219BCA44400B85600 /* HeavyRotationTests */ = {
			isa = PBXNativeTarget;
			buildConfigurationList = 52DE309019BCA44400B85600 /* Build configuration list for PBXNativeTarget "HeavyRotationTests" */;
			buildPhases = (
				52DE307F19BCA44400B85600 /* Sources */,
				52DE308019BCA44400B85600 /* Frameworks */,
				52DE308119BCA44400B85600 /* Resources */,
			);
			buildRules = (
			);
			dependencies = (
				52DE308519BCA44400B85600 /* PBXTargetDependency */,
			);
			name = HeavyRotationTests;
			productName = HeavyRotationTests;
			productReference = 52DE308319BCA44400B85600 /* HeavyRotationTests.xctest */;
			productType = "com.apple.product-type.bundle.unit-test";
		};
/* End PBXNativeTarget section */

/* Begin PBXProject section */
		52DE306919BCA44300B85600 /* Project object */ = {
			isa = PBXProject;
			attributes = {
				LastUpgradeCheck = 0600;
				ORGANIZATIONNAME = "In Your Dreams Software";
				TargetAttributes = {
					52DE307019BCA44300B85600 = {
						CreatedOnToolsVersion = 6.0;
					};
					52DE308219BCA44400B85600 = {
						CreatedOnToolsVersion = 6.0;
						TestTargetID = 52DE307019BCA44300B85600;
					};
				};
			};
			buildConfigurationList = 52DE306C19BCA44300B85600 /* Build configuration list for PBXProject "HeavyRotation" */;
			compatibilityVersion = "Xcode 3.2";
			developmentRegion = English;
			hasScannedForEncodings = 0;
			knownRegions = (
				en,
				Base,
			);
			mainGroup = 52DE306819BCA44300B85600;
			productRefGroup = 52DE307219BCA44300B85600 /* Products */;
			projectDirPath = "";
			projectRoot = "";
			targets = (
				52DE307019BCA44300B85600 /* HeavyRotation */,
				52DE308219BCA44400B85600 /* HeavyRotationTests */,
			);
		};
/* End PBXProject section */

/* Begin PBXResourcesBuildPhase section */
		52DE306F19BCA44300B85600 /* Resources */ = {
			isa = PBXResourcesBuildPhase;
			buildActionMask = 2147483647;
			files = (
				52DE307C19BCA44300B85600 /* Main.storyboard in Resources */,
				520DDAAD19BD0F6100D98F9C /* HeavyViewController.xib in Resources */,
				52DE307E19BCA44300B85600 /* Images.xcassets in Resources */,
			);
			runOnlyForDeploymentPostprocessing = 0;
		};
		52DE308119BCA44400B85600 /* Resources */ = {
			isa = PBXResourcesBuildPhase;
			buildActionMask = 2147483647;
			files = (
			);
			runOnlyForDeploymentPostprocessing = 0;
		};
/* End PBXResourcesBuildPhase section */

/* Begin PBXSourcesBuildPhase section */
		52DE306D19BCA44300B85600 /* Sources */ = {
			isa = PBXSourcesBuildPhase;
			buildActionMask = 2147483647;
			files = (
				520DDAAC19BD0F6100D98F9C /* HeavyViewController.swift in Sources */,
				52DE307919BCA44300B85600 /* ViewController.swift in Sources */,
				52DE307719BCA44300B85600 /* AppDelegate.swift in Sources */,
			);
			runOnlyForDeploymentPostprocessing = 0;
		};
		52DE307F19BCA44400B85600 /* Sources */ = {
			isa = PBXSourcesBuildPhase;
			buildActionMask = 2147483647;
			files = (
				52DE308A19BCA44400B85600 /* HeavyRotationTests.swift in Sources */,
			);
			runOnlyForDeploymentPostprocessing = 0;
		};
/* End PBXSourcesBuildPhase section */

/* Begin PBXTargetDependency section */
		52DE308519BCA44400B85600 /* PBXTargetDependency */ = {
			isa = PBXTargetDependency;
			target = 52DE307019BCA44300B85600 /* HeavyRotation */;
			targetProxy = 52DE308419BCA44400B85600 /* PBXContainerItemProxy */;
		};
/* End PBXTargetDependency section */

/* Begin PBXVariantGroup section */
		52DE307A19BCA44300B85600 /* Main.storyboard */ = {
			isa = PBXVariantGroup;
			children = (
				52DE307B19BCA44300B85600 /* Base */,
			);
			name = Main.storyboard;
			sourceTree = "<group>";
		};
/* End PBXVariantGroup section */

/* Begin XCBuildConfiguration section */
		52DE308B19BCA44400B85600 /* Debug */ = {
			isa = XCBuildConfiguration;
			buildSettings = {
				ALWAYS_SEARCH_USER_PATHS = NO;
				CLANG_CXX_LANGUAGE_STANDARD = "gnu++0x";
				CLANG_CXX_LIBRARY = "libc++";
				CLANG_ENABLE_MODULES = YES;
				CLANG_ENABLE_OBJC_ARC = YES;
				CLANG_WARN_BOOL_CONVERSION = YES;
				CLANG_WARN_CONSTANT_CONVERSION = YES;
				CLANG_WARN_DIRECT_OBJC_ISA_USAGE = YES_ERROR;
				CLANG_WARN_EMPTY_BODY = YES;
				CLANG_WARN_ENUM_CONVERSION = YES;
				CLANG_WARN_INT_CONVERSION = YES;
				CLANG_WARN_OBJC_ROOT_CLASS = YES_ERROR;
				CLANG_WARN_UNREACHABLE_CODE = YES;
				CLANG_WARN__DUPLICATE_METHOD_MATCH = YES;
				"CODE_SIGN_IDENTITY[sdk=iphoneos*]" = "iPhone Developer";
				COPY_PHASE_STRIP = NO;
				ENABLE_STRICT_OBJC_MSGSEND = YES;
				GCC_C_LANGUAGE_STANDARD = gnu99;
				GCC_DYNAMIC_NO_PIC = NO;
				GCC_OPTIMIZATION_LEVEL = 0;
				GCC_PREPROCESSOR_DEFINITIONS = (
					"DEBUG=1",
					"$(inherited)",
				);
				GCC_SYMBOLS_PRIVATE_EXTERN = NO;
				GCC_WARN_64_TO_32_BIT_CONVERSION = YES;
				GCC_WARN_ABOUT_RETURN_TYPE = YES_ERROR;
				GCC_WARN_UNDECLARED_SELECTOR = YES;
				GCC_WARN_UNINITIALIZED_AUTOS = YES_AGGRESSIVE;
				GCC_WARN_UNUSED_FUNCTION = YES;
				GCC_WARN_UNUSED_VARIABLE = YES;
				IPHONEOS_DEPLOYMENT_TARGET = 8.0;
				MTL_ENABLE_DEBUG_INFO = YES;
				ONLY_ACTIVE_ARCH = YES;
				SDKROOT = iphoneos;
				SWIFT_OPTIMIZATION_LEVEL = "-Onone";
				TARGETED_DEVICE_FAMILY = "1,2";
			};
			name = Debug;
		};
		52DE308C19BCA44400B85600 /* Release */ = {
			isa = XCBuildConfiguration;
			buildSettings = {
				ALWAYS_SEARCH_USER_PATHS = NO;
				CLANG_CXX_LANGUAGE_STANDARD = "gnu++0x";
				CLANG_CXX_LIBRARY = "libc++";
				CLANG_ENABLE_MODULES = YES;
				CLANG_ENABLE_OBJC_ARC = YES;
				CLANG_WARN_BOOL_CONVERSION = YES;
				CLANG_WARN_CONSTANT_CONVERSION = YES;
				CLANG_WARN_DIRECT_OBJC_ISA_USAGE = YES_ERROR;
				CLANG_WARN_EMPTY_BODY = YES;
				CLANG_WARN_ENUM_CONVERSION = YES;
				CLANG_WARN_INT_CONVERSION = YES;
				CLANG_WARN_OBJC_ROOT_CLASS = YES_ERROR;
				CLANG_WARN_UNREACHABLE_CODE = YES;
				CLANG_WARN__DUPLICATE_METHOD_MATCH = YES;
				"CODE_SIGN_IDENTITY[sdk=iphoneos*]" = "iPhone Developer";
				COPY_PHASE_STRIP = YES;
				ENABLE_NS_ASSERTIONS = NO;
				ENABLE_STRICT_OBJC_MSGSEND = YES;
				GCC_C_LANGUAGE_STANDARD = gnu99;
				GCC_WARN_64_TO_32_BIT_CONVERSION = YES;
				GCC_WARN_ABOUT_RETURN_TYPE = YES_ERROR;
				GCC_WARN_UNDECLARED_SELECTOR = YES;
				GCC_WARN_UNINITIALIZED_AUTOS = YES_AGGRESSIVE;
				GCC_WARN_UNUSED_FUNCTION = YES;
				GCC_WARN_UNUSED_VARIABLE = YES;
				IPHONEOS_DEPLOYMENT_TARGET = 8.0;
				MTL_ENABLE_DEBUG_INFO = NO;
				SDKROOT = iphoneos;
				TARGETED_DEVICE_FAMILY = "1,2";
				VALIDATE_PRODUCT = YES;
			};
			name = Release;
		};
		52DE308E19BCA44400B85600 /* Debug */ = {
			isa = XCBuildConfiguration;
			buildSettings = {
				ASSETCATALOG_COMPILER_APPICON_NAME = AppIcon;
				ASSETCATALOG_COMPILER_LAUNCHIMAGE_NAME = LaunchImage;
				INFOPLIST_FILE = HeavyRotation/Info.plist;
				LD_RUNPATH_SEARCH_PATHS = "$(inherited) @executable_path/Frameworks";
				PRODUCT_NAME = "$(TARGET_NAME)";
			};
			name = Debug;
		};
		52DE308F19BCA44400B85600 /* Release */ = {
			isa = XCBuildConfiguration;
			buildSettings = {
				ASSETCATALOG_COMPILER_APPICON_NAME = AppIcon;
				ASSETCATALOG_COMPILER_LAUNCHIMAGE_NAME = LaunchImage;
				INFOPLIST_FILE = HeavyRotation/Info.plist;
				LD_RUNPATH_SEARCH_PATHS = "$(inherited) @executable_path/Frameworks";
				PRODUCT_NAME = "$(TARGET_NAME)";
			};
			name = Release;
		};
		52DE309119BCA44400B85600 /* Debug */ = {
			isa = XCBuildConfiguration;
			buildSettings = {
				BUNDLE_LOADER = "$(TEST_HOST)";
				FRAMEWORK_SEARCH_PATHS = (
					"$(SDKROOT)/Developer/Library/Frameworks",
					"$(inherited)",
				);
				GCC_PREPROCESSOR_DEFINITIONS = (
					"DEBUG=1",
					"$(inherited)",
				);
				INFOPLIST_FILE = HeavyRotationTests/Info.plist;
				LD_RUNPATH_SEARCH_PATHS = "$(inherited) @executable_path/Frameworks @loader_path/Frameworks";
				PRODUCT_NAME = "$(TARGET_NAME)";
				TEST_HOST = "$(BUILT_PRODUCTS_DIR)/HeavyRotation.app/HeavyRotation";
			};
			name = Debug;
		};
		52DE309219BCA44400B85600 /* Release */ = {
			isa = XCBuildConfiguration;
			buildSettings = {
				BUNDLE_LOADER = "$(TEST_HOST)";
				FRAMEWORK_SEARCH_PATHS = (
					"$(SDKROOT)/Developer/Library/Frameworks",
					"$(inherited)",
				);
				INFOPLIST_FILE = HeavyRotationTests/Info.plist;
				LD_RUNPATH_SEARCH_PATHS = "$(inherited) @executable_path/Frameworks @loader_path/Frameworks";
				PRODUCT_NAME = "$(TARGET_NAME)";
				TEST_HOST = "$(BUILT_PRODUCTS_DIR)/HeavyRotation.app/HeavyRotation";
			};
			name = Release;
		};
/* End XCBuildConfiguration section */

/* Begin XCConfigurationList section */
		52DE306C19BCA44300B85600 /* Build configuration list for PBXProject "HeavyRotation" */ = {
			isa = XCConfigurationList;
			buildConfigurations = (
				52DE308B19BCA44400B85600 /* Debug */,
				52DE308C19BCA44400B85600 /* Release */,
			);
			defaultConfigurationIsVisible = 0;
			defaultConfigurationName = Release;
		};
		52DE308D19BCA44400B85600 /* Build configuration list for PBXNativeTarget "HeavyRotation" */ = {
			isa = XCConfigurationList;
			buildConfigurations = (
				52DE308E19BCA44400B85600 /* Debug */,
				52DE308F19BCA44400B85600 /* Release */,
			);
			defaultConfigurationIsVisible = 0;
			defaultConfigurationName = Release;
		};
		52DE309019BCA44400B85600 /* Build configuration list for PBXNativeTarget "HeavyRotationTests" */ = {
			isa = XCConfigurationList;
			buildConfigurations = (
				52DE309119BCA44400B85600 /* Debug */,
				52DE309219BCA44400B85600 /* Release */,
			);
			defaultConfigurationIsVisible = 0;
			defaultConfigurationName = Release;
		};
/* End XCConfigurationList section */
	};
	rootObject = 52DE306919BCA44300B85600 /* Project object */;
}
